PODS:
  - AIFlatSwitch (0.0.4)
  - Alamofire (3.0.1)
  - CryptoSwift (0.1.1)
  - LTMorphingLabel (0.0.9)
  - MaterialKit (0.3.5)
  - SQLite.swift (1.0.0)
  - SwiftyJSON (2.3.1)

DEPENDENCIES:
  - AIFlatSwitch (~> 0.0.4)
  - Alamofire (~> 3.0.1)
  - CryptoSwift (from `https://github.com/krzyzanowskim/CryptoSwift`, branch `master`)
  - LTMorphingLabel (from `https://github.com/lexrus/LTMorphingLabel.git`)
  - MaterialKit (from `https://github.com/nghialv/MaterialKit.git`)
  - SQLite.swift (from `https://github.com/stephencelis/SQLite.swift.git`)
  - SwiftyJSON (from `https://github.com/SwiftyJSON/SwiftyJSON.git`)

EXTERNAL SOURCES:
  CryptoSwift:
    :branch: master
    :git: https://github.com/krzyzanowskim/CryptoSwift
  LTMorphingLabel:
    :git: https://github.com/lexrus/LTMorphingLabel.git
  MaterialKit:
    :git: https://github.com/nghialv/MaterialKit.git
  SQLite.swift:
    :git: https://github.com/stephencelis/SQLite.swift.git
  SwiftyJSON:
    :git: https://github.com/SwiftyJSON/SwiftyJSON.git

CHECKOUT OPTIONS:
  CryptoSwift:
    :commit: f23720f6b398169d7407ca8b2c4a590238128686
    :git: https://github.com/krzyzanowskim/CryptoSwift
  LTMorphingLabel:
    :commit: 1917ab7ce47764f0a7ef0dbbf7296699a5d77844
    :git: https://github.com/lexrus/LTMorphingLabel.git
  MaterialKit:
    :commit: 967d0d9bbf0ef86ebe5d013571c9c2a33e6cf0f6
    :git: https://github.com/nghialv/MaterialKit.git
  SQLite.swift:
    :commit: c9d3082d1f5ddc2e55a792a8eb1a677b8a1b15f5
    :git: https://github.com/stephencelis/SQLite.swift.git
  SwiftyJSON:
    :commit: 10f67900bdf2fb0faba3371249a6fefdcaa880c5
    :git: https://github.com/SwiftyJSON/SwiftyJSON.git

SPEC CHECKSUMS:
  AIFlatSwitch: 30b67439ed2d695fdb81ec5ae26f0b004fa83c66
  Alamofire: 2457e1b2e6c46bb05c3a598c542b7bfd08893775
  CryptoSwift: 80b014431f6ef249acb6004efc93a8f65f5f7781
  LTMorphingLabel: 4235a403f99f0e0e503389da660e0fec324549d9
  MaterialKit: 6f1e9382f89593df768bc0c31ded9952a6d8ad46
  SQLite.swift: 3bb75f5a650f08673276bc6d3fb1de1b542b8f4d
  SwiftyJSON: 592b53bee5ef3dd9b3bebc6b9cb7ee35426ae8c3

COCOAPODS: 0.39.0
